// !$*UTF8*$!
{
	archiveVersion = 1;
	classes = {
	};
	objectVersion = 56;
	objects = {

/* Begin PBXBuildFile section */
		E64B1D5A29DFF51F003C175E /* MotionManager.swift in Sources */ = {isa = PBXBuildFile; fileRef = E64B1D5929DFF51F003C175E /* MotionManager.swift */; };
		E64B1D5C29DFF5E8003C175E /* SpacecraftFDAISceneRendererDelegate.swift in Sources */ = {isa = PBXBuildFile; fileRef = E64B1D5B29DFF5E8003C175E /* SpacecraftFDAISceneRendererDelegate.swift */; };
		E64B1D5F29DFF81C003C175E /* SpacecraftCameraState.swift in Sources */ = {isa = PBXBuildFile; fileRef = E64B1D5D29DFF81C003C175E /* SpacecraftCameraState.swift */; };
		E64B1D6029DFF81C003C175E /* SpacecraftState.swift in Sources */ = {isa = PBXBuildFile; fileRef = E64B1D5E29DFF81C003C175E /* SpacecraftState.swift */; };
		E64B1D6229DFF872003C175E /* SpacecraftFDAICamera.swift in Sources */ = {isa = PBXBuildFile; fileRef = E64B1D6129DFF872003C175E /* SpacecraftFDAICamera.swift */; };
		E64D0A6629FF822B00D6CED1 /* SpacecraftLoadingView.swift in Sources */ = {isa = PBXBuildFile; fileRef = E64D0A6529FF822B00D6CED1 /* SpacecraftLoadingView.swift */; };
		E6B53972296FD548005227E6 /* FDAIApp.swift in Sources */ = {isa = PBXBuildFile; fileRef = E6B53971296FD548005227E6 /* FDAIApp.swift */; };
		E6B53974296FD548005227E6 /* ContentView.swift in Sources */ = {isa = PBXBuildFile; fileRef = E6B53973296FD548005227E6 /* ContentView.swift */; };
		E6B53976296FD549005227E6 /* Assets.xcassets in Resources */ = {isa = PBXBuildFile; fileRef = E6B53975296FD549005227E6 /* Assets.xcassets */; };
		E6B53979296FD549005227E6 /* Preview Assets.xcassets in Resources */ = {isa = PBXBuildFile; fileRef = E6B53978296FD549005227E6 /* Preview Assets.xcassets */; };
		E6B53981296FD5A8005227E6 /* SpacecraftFDAISceneKitScene.swift in Sources */ = {isa = PBXBuildFile; fileRef = E6B5397F296FD5A8005227E6 /* SpacecraftFDAISceneKitScene.swift */; };
		E6B53982296FD5A8005227E6 /* SpacecraftFDAISceneView.swift in Sources */ = {isa = PBXBuildFile; fileRef = E6B53980296FD5A8005227E6 /* SpacecraftFDAISceneView.swift */; };
		E6B53984296FD620005227E6 /* FDAI.scnassets in Resources */ = {isa = PBXBuildFile; fileRef = E6B53983296FD620005227E6 /* FDAI.scnassets */; };
		E6F6915429FF0F1000320106 /* LaunchScreenManager.swift in Sources */ = {isa = PBXBuildFile; fileRef = E6F6915329FF0F1000320106 /* LaunchScreenManager.swift */; };
/* End PBXBuildFile section */

/* Begin PBXFileReference section */
		E64B1D5929DFF51F003C175E /* MotionManager.swift */ = {isa = PBXFileReference; fileEncoding = 4; lastKnownFileType = sourcecode.swift; path = MotionManager.swift; sourceTree = "<group>"; };
		E64B1D5B29DFF5E8003C175E /* SpacecraftFDAISceneRendererDelegate.swift */ = {isa = PBXFileReference; fileEncoding = 4; lastKnownFileType = sourcecode.swift; path = SpacecraftFDAISceneRendererDelegate.swift; sourceTree = "<group>"; };
		E64B1D5D29DFF81C003C175E /* SpacecraftCameraState.swift */ = {isa = PBXFileReference; fileEncoding = 4; lastKnownFileType = sourcecode.swift; path = SpacecraftCameraState.swift; sourceTree = "<group>"; };
		E64B1D5E29DFF81C003C175E /* SpacecraftState.swift */ = {isa = PBXFileReference; fileEncoding = 4; lastKnownFileType = sourcecode.swift; path = SpacecraftState.swift; sourceTree = "<group>"; };
		E64B1D6129DFF872003C175E /* SpacecraftFDAICamera.swift */ = {isa = PBXFileReference; fileEncoding = 4; lastKnownFileType = sourcecode.swift; path = SpacecraftFDAICamera.swift; sourceTree = "<group>"; };
		E64D0A6529FF822B00D6CED1 /* SpacecraftLoadingView.swift */ = {isa = PBXFileReference; fileEncoding = 4; lastKnownFileType = sourcecode.swift; path = SpacecraftLoadingView.swift; sourceTree = "<group>"; };
		E6B5396E296FD548005227E6 /* FDAI.app */ = {isa = PBXFileReference; explicitFileType = wrapper.application; includeInIndex = 0; path = FDAI.app; sourceTree = BUILT_PRODUCTS_DIR; };
		E6B53971296FD548005227E6 /* FDAIApp.swift */ = {isa = PBXFileReference; lastKnownFileType = sourcecode.swift; path = FDAIApp.swift; sourceTree = "<group>"; };
		E6B53973296FD548005227E6 /* ContentView.swift */ = {isa = PBXFileReference; lastKnownFileType = sourcecode.swift; path = ContentView.swift; sourceTree = "<group>"; };
		E6B53975296FD549005227E6 /* Assets.xcassets */ = {isa = PBXFileReference; lastKnownFileType = folder.assetcatalog; path = Assets.xcassets; sourceTree = "<group>"; };
		E6B53978296FD549005227E6 /* Preview Assets.xcassets */ = {isa = PBXFileReference; lastKnownFileType = folder.assetcatalog; path = "Preview Assets.xcassets"; sourceTree = "<group>"; };
		E6B5397F296FD5A8005227E6 /* SpacecraftFDAISceneKitScene.swift */ = {isa = PBXFileReference; fileEncoding = 4; lastKnownFileType = sourcecode.swift; path = SpacecraftFDAISceneKitScene.swift; sourceTree = "<group>"; };
		E6B53980296FD5A8005227E6 /* SpacecraftFDAISceneView.swift */ = {isa = PBXFileReference; fileEncoding = 4; lastKnownFileType = sourcecode.swift; path = SpacecraftFDAISceneView.swift; sourceTree = "<group>"; };
		E6B53983296FD620005227E6 /* FDAI.scnassets */ = {isa = PBXFileReference; lastKnownFileType = wrapper.scnassets; path = FDAI.scnassets; sourceTree = "<group>"; };
		E6F6915329FF0F1000320106 /* LaunchScreenManager.swift */ = {isa = PBXFileReference; fileEncoding = 4; lastKnownFileType = sourcecode.swift; path = LaunchScreenManager.swift; sourceTree = "<group>"; };
		E6F6915529FF1BC400320106 /* Info.plist */ = {isa = PBXFileReference; lastKnownFileType = text.plist; path = Info.plist; sourceTree = "<group>"; };
/* End PBXFileReference section */

/* Begin PBXFrameworksBuildPhase section */
		E6B5396B296FD548005227E6 /* Frameworks */ = {
			isa = PBXFrameworksBuildPhase;
			buildActionMask = 2147483647;
			files = (
			);
			runOnlyForDeploymentPostprocessing = 0;
		};
/* End PBXFrameworksBuildPhase section */

/* Begin PBXGroup section */
		E6B53965296FD548005227E6 = {
			isa = PBXGroup;
			children = (
				E6B53970296FD548005227E6 /* FDAI */,
				E6B5396F296FD548005227E6 /* Products */,
			);
			sourceTree = "<group>";
		};
		E6B5396F296FD548005227E6 /* Products */ = {
			isa = PBXGroup;
			children = (
				E6B5396E296FD548005227E6 /* FDAI.app */,
			);
			name = Products;
			sourceTree = "<group>";
		};
		E6B53970296FD548005227E6 /* FDAI */ = {
			isa = PBXGroup;
			children = (
				E6F6915529FF1BC400320106 /* Info.plist */,
				E6B53971296FD548005227E6 /* FDAIApp.swift */,
				E6B53973296FD548005227E6 /* ContentView.swift */,
				E6B5397F296FD5A8005227E6 /* SpacecraftFDAISceneKitScene.swift */,
				E64B1D5B29DFF5E8003C175E /* SpacecraftFDAISceneRendererDelegate.swift */,
				E6B53980296FD5A8005227E6 /* SpacecraftFDAISceneView.swift */,
				E6F6915329FF0F1000320106 /* LaunchScreenManager.swift */,
				E64D0A6529FF822B00D6CED1 /* SpacecraftLoadingView.swift */,
				E64B1D5E29DFF81C003C175E /* SpacecraftState.swift */,
				E64B1D5D29DFF81C003C175E /* SpacecraftCameraState.swift */,
				E64B1D5929DFF51F003C175E /* MotionManager.swift */,
				E64B1D6129DFF872003C175E /* SpacecraftFDAICamera.swift */,
				E6B53975296FD549005227E6 /* Assets.xcassets */,
				E6B53977296FD549005227E6 /* Preview Content */,
				E6B53983296FD620005227E6 /* FDAI.scnassets */,
			);
			path = FDAI;
			sourceTree = "<group>";
		};
		E6B53977296FD549005227E6 /* Preview Content */ = {
			isa = PBXGroup;
			children = (
				E6B53978296FD549005227E6 /* Preview Assets.xcassets */,
			);
			path = "Preview Content";
			sourceTree = "<group>";
		};
/* End PBXGroup section */

/* Begin PBXNativeTarget section */
		E6B5396D296FD548005227E6 /* FDAI */ = {
			isa = PBXNativeTarget;
			buildConfigurationList = E6B5397C296FD549005227E6 /* Build configuration list for PBXNativeTarget "FDAI" */;
			buildPhases = (
				E6B5396A296FD548005227E6 /* Sources */,
				E6B5396B296FD548005227E6 /* Frameworks */,
				E6B5396C296FD548005227E6 /* Resources */,
			);
			buildRules = (
			);
			dependencies = (
			);
			name = FDAI;
			productName = FDAI;
			productReference = E6B5396E296FD548005227E6 /* FDAI.app */;
			productType = "com.apple.product-type.application";
		};
/* End PBXNativeTarget section */

/* Begin PBXProject section */
		E6B53966296FD548005227E6 /* Project object */ = {
			isa = PBXProject;
			attributes = {
				BuildIndependentTargetsInParallel = 1;
				LastSwiftUpdateCheck = 1420;
				LastUpgradeCheck = 1420;
				TargetAttributes = {
					E6B5396D296FD548005227E6 = {
						CreatedOnToolsVersion = 14.2;
					};
				};
			};
			buildConfigurationList = E6B53969296FD548005227E6 /* Build configuration list for PBXProject "FDAI" */;
			compatibilityVersion = "Xcode 14.0";
			developmentRegion = en;
			hasScannedForEncodings = 0;
			knownRegions = (
				en,
				Base,
			);
			mainGroup = E6B53965296FD548005227E6;
			productRefGroup = E6B5396F296FD548005227E6 /* Products */;
			projectDirPath = "";
			projectRoot = "";
			targets = (
				E6B5396D296FD548005227E6 /* FDAI */,
			);
		};
/* End PBXProject section */

/* Begin PBXResourcesBuildPhase section */
		E6B5396C296FD548005227E6 /* Resources */ = {
			isa = PBXResourcesBuildPhase;
			buildActionMask = 2147483647;
			files = (
				E6B53979296FD549005227E6 /* Preview Assets.xcassets in Resources */,
				E6B53984296FD620005227E6 /* FDAI.scnassets in Resources */,
				E6B53976296FD549005227E6 /* Assets.xcassets in Resources */,
			);
			runOnlyForDeploymentPostprocessing = 0;
		};
/* End PBXResourcesBuildPhase section */

/* Begin PBXSourcesBuildPhase section */
		E6B5396A296FD548005227E6 /* Sources */ = {
			isa = PBXSourcesBuildPhase;
			buildActionMask = 2147483647;
			files = (
				E6B53981296FD5A8005227E6 /* SpacecraftFDAISceneKitScene.swift in Sources */,
				E64B1D5A29DFF51F003C175E /* MotionManager.swift in Sources */,
				E64D0A6629FF822B00D6CED1 /* SpacecraftLoadingView.swift in Sources */,
				E6B53982296FD5A8005227E6 /* SpacecraftFDAISceneView.swift in Sources */,
				E6B53974296FD548005227E6 /* ContentView.swift in Sources */,
				E64B1D5C29DFF5E8003C175E /* SpacecraftFDAISceneRendererDelegate.swift in Sources */,
				E64B1D6029DFF81C003C175E /* SpacecraftState.swift in Sources */,
				E64B1D6229DFF872003C175E /* SpacecraftFDAICamera.swift in Sources */,
				E6B53972296FD548005227E6 /* FDAIApp.swift in Sources */,
				E6F6915429FF0F1000320106 /* LaunchScreenManager.swift in Sources */,
				E64B1D5F29DFF81C003C175E /* SpacecraftCameraState.swift in Sources */,
			);
			runOnlyForDeploymentPostprocessing = 0;
		};
/* End PBXSourcesBuildPhase section */

/* Begin XCBuildConfiguration section */
		E6B5397A296FD549005227E6 /* Debug */ = {
			isa = XCBuildConfiguration;
			buildSettings = {
				ALWAYS_SEARCH_USER_PATHS = NO;
				CLANG_ANALYZER_NONNULL = YES;
				CLANG_ANALYZER_NUMBER_OBJECT_CONVERSION = YES_AGGRESSIVE;
				CLANG_CXX_LANGUAGE_STANDARD = "gnu++20";
				CLANG_ENABLE_MODULES = YES;
				CLANG_ENABLE_OBJC_ARC = YES;
				CLANG_ENABLE_OBJC_WEAK = YES;
				CLANG_WARN_BLOCK_CAPTURE_AUTORELEASING = YES;
				CLANG_WARN_BOOL_CONVERSION = YES;
				CLANG_WARN_COMMA = YES;
				CLANG_WARN_CONSTANT_CONVERSION = YES;
				CLANG_WARN_DEPRECATED_OBJC_IMPLEMENTATIONS = YES;
				CLANG_WARN_DIRECT_OBJC_ISA_USAGE = YES_ERROR;
				CLANG_WARN_DOCUMENTATION_COMMENTS = YES;
				CLANG_WARN_EMPTY_BODY = YES;
				CLANG_WARN_ENUM_CONVERSION = YES;
				CLANG_WARN_INFINITE_RECURSION = YES;
				CLANG_WARN_INT_CONVERSION = YES;
				CLANG_WARN_NON_LITERAL_NULL_CONVERSION = YES;
				CLANG_WARN_OBJC_IMPLICIT_RETAIN_SELF = YES;
				CLANG_WARN_OBJC_LITERAL_CONVERSION = YES;
				CLANG_WARN_OBJC_ROOT_CLASS = YES_ERROR;
				CLANG_WARN_QUOTED_INCLUDE_IN_FRAMEWORK_HEADER = YES;
				CLANG_WARN_RANGE_LOOP_ANALYSIS = YES;
				CLANG_WARN_STRICT_PROTOTYPES = YES;
				CLANG_WARN_SUSPICIOUS_MOVE = YES;
				CLANG_WARN_UNGUARDED_AVAILABILITY = YES_AGGRESSIVE;
				CLANG_WARN_UNREACHABLE_CODE = YES;
				CLANG_WARN__DUPLICATE_METHOD_MATCH = YES;
				COPY_PHASE_STRIP = NO;
				DEBUG_INFORMATION_FORMAT = dwarf;
				ENABLE_STRICT_OBJC_MSGSEND = YES;
				ENABLE_TESTABILITY = YES;
				GCC_C_LANGUAGE_STANDARD = gnu11;
				GCC_DYNAMIC_NO_PIC = NO;
				GCC_NO_COMMON_BLOCKS = YES;
				GCC_OPTIMIZATION_LEVEL = 0;
				GCC_PREPROCESSOR_DEFINITIONS = (
					"DEBUG=1",
					"$(inherited)",
				);
				GCC_WARN_64_TO_32_BIT_CONVERSION = YES;
				GCC_WARN_ABOUT_RETURN_TYPE = YES_ERROR;
				GCC_WARN_UNDECLARED_SELECTOR = YES;
				GCC_WARN_UNINITIALIZED_AUTOS = YES_AGGRESSIVE;
				GCC_WARN_UNUSED_FUNCTION = YES;
				GCC_WARN_UNUSED_VARIABLE = YES;
				IPHONEOS_DEPLOYMENT_TARGET = 16.4;
				MTL_ENABLE_DEBUG_INFO = INCLUDE_SOURCE;
				MTL_FAST_MATH = YES;
				ONLY_ACTIVE_ARCH = YES;
				SDKROOT = iphoneos;
				SWIFT_ACTIVE_COMPILATION_CONDITIONS = DEBUG;
				SWIFT_OPTIMIZATION_LEVEL = "-Onone";
			};
			name = Debug;
		};
		E6B5397B296FD549005227E6 /* Release */ = {
			isa = XCBuildConfiguration;
			buildSettings = {
				ALWAYS_SEARCH_USER_PATHS = NO;
				CLANG_ANALYZER_NONNULL = YES;
				CLANG_ANALYZER_NUMBER_OBJECT_CONVERSION = YES_AGGRESSIVE;
				CLANG_CXX_LANGUAGE_STANDARD = "gnu++20";
				CLANG_ENABLE_MODULES = YES;
				CLANG_ENABLE_OBJC_ARC = YES;
				CLANG_ENABLE_OBJC_WEAK = YES;
				CLANG_WARN_BLOCK_CAPTURE_AUTORELEASING = YES;
				CLANG_WARN_BOOL_CONVERSION = YES;
				CLANG_WARN_COMMA = YES;
				CLANG_WARN_CONSTANT_CONVERSION = YES;
				CLANG_WARN_DEPRECATED_OBJC_IMPLEMENTATIONS = YES;
				CLANG_WARN_DIRECT_OBJC_ISA_USAGE = YES_ERROR;
				CLANG_WARN_DOCUMENTATION_COMMENTS = YES;
				CLANG_WARN_EMPTY_BODY = YES;
				CLANG_WARN_ENUM_CONVERSION = YES;
				CLANG_WARN_INFINITE_RECURSION = YES;
				CLANG_WARN_INT_CONVERSION = YES;
				CLANG_WARN_NON_LITERAL_NULL_CONVERSION = YES;
				CLANG_WARN_OBJC_IMPLICIT_RETAIN_SELF = YES;
				CLANG_WARN_OBJC_LITERAL_CONVERSION = YES;
				CLANG_WARN_OBJC_ROOT_CLASS = YES_ERROR;
				CLANG_WARN_QUOTED_INCLUDE_IN_FRAMEWORK_HEADER = YES;
				CLANG_WARN_RANGE_LOOP_ANALYSIS = YES;
				CLANG_WARN_STRICT_PROTOTYPES = YES;
				CLANG_WARN_SUSPICIOUS_MOVE = YES;
				CLANG_WARN_UNGUARDED_AVAILABILITY = YES_AGGRESSIVE;
				CLANG_WARN_UNREACHABLE_CODE = YES;
				CLANG_WARN__DUPLICATE_METHOD_MATCH = YES;
				COPY_PHASE_STRIP = NO;
				DEBUG_INFORMATION_FORMAT = "dwarf-with-dsym";
				ENABLE_NS_ASSERTIONS = NO;
				ENABLE_STRICT_OBJC_MSGSEND = YES;
				GCC_C_LANGUAGE_STANDARD = gnu11;
				GCC_NO_COMMON_BLOCKS = YES;
				GCC_WARN_64_TO_32_BIT_CONVERSION = YES;
				GCC_WARN_ABOUT_RETURN_TYPE = YES_ERROR;
				GCC_WARN_UNDECLARED_SELECTOR = YES;
				GCC_WARN_UNINITIALIZED_AUTOS = YES_AGGRESSIVE;
				GCC_WARN_UNUSED_FUNCTION = YES;
				GCC_WARN_UNUSED_VARIABLE = YES;
				IPHONEOS_DEPLOYMENT_TARGET = 16.4;
				MTL_ENABLE_DEBUG_INFO = NO;
				MTL_FAST_MATH = YES;
				SDKROOT = iphoneos;
				SWIFT_COMPILATION_MODE = wholemodule;
				SWIFT_OPTIMIZATION_LEVEL = "-O";
				VALIDATE_PRODUCT = YES;
			};
			name = Release;
		};
		E6B5397D296FD549005227E6 /* Debug */ = {
			isa = XCBuildConfiguration;
			buildSettings = {
				ASSETCATALOG_COMPILER_APPICON_NAME = AppIcon;
				ASSETCATALOG_COMPILER_GLOBAL_ACCENT_COLOR_NAME = AccentColor;
				CODE_SIGN_STYLE = Automatic;
				CURRENT_PROJECT_VERSION = 1;
				DEVELOPMENT_ASSET_PATHS = "\"FDAI/Preview Content\"";
				DEVELOPMENT_TEAM = 7CCAB8L658;
				ENABLE_PREVIEWS = YES;
				GENERATE_INFOPLIST_FILE = YES;
				INFOPLIST_FILE = FDAI/Info.plist;
				INFOPLIST_KEY_UIApplicationSceneManifest_Generation = YES;
				INFOPLIST_KEY_UIApplicationSupportsIndirectInputEvents = YES;
				INFOPLIST_KEY_UIRequiresFullScreen = YES;
				INFOPLIST_KEY_UISupportedInterfaceOrientations = UIInterfaceOrientationPortrait;
				IPHONEOS_DEPLOYMENT_TARGET = 16.4;
				LD_RUNPATH_SEARCH_PATHS = (
					"$(inherited)",
					"@executable_path/Frameworks",
				);
				MARKETING_VERSION = 1.0;
				PRODUCT_BUNDLE_IDENTIFIER = com.portablefrontier.FDAI;
				PRODUCT_NAME = "$(TARGET_NAME)";
				SWIFT_EMIT_LOC_STRINGS = YES;
				SWIFT_VERSION = 5.0;
				TARGETED_DEVICE_FAMILY = "1,2";
			};
			name = Debug;
		};
		E6B5397E296FD549005227E6 /* Release */ = {
			isa = XCBuildConfiguration;
			buildSettings = {
				ASSETCATALOG_COMPILER_APPICON_NAME = AppIcon;
				ASSETCATALOG_COMPILER_GLOBAL_ACCENT_COLOR_NAME = AccentColor;
				CODE_SIGN_STYLE = Automatic;
				CURRENT_PROJECT_VERSION = 1;
				DEVELOPMENT_ASSET_PATHS = "\"FDAI/Preview Content\"";
				DEVELOPMENT_TEAM = 7CCAB8L658;
				ENABLE_PREVIEWS = YES;
				GENERATE_INFOPLIST_FILE = YES;
				INFOPLIST_FILE = FDAI/Info.plist;
				INFOPLIST_KEY_UIApplicationSceneManifest_Generation = YES;
				INFOPLIST_KEY_UIApplicationSupportsIndirectInputEvents = YES;
				INFOPLIST_KEY_UIRequiresFullScreen = YES;
				INFOPLIST_KEY_UISupportedInterfaceOrientations = UIInterfaceOrientationPortrait;
				IPHONEOS_DEPLOYMENT_TARGET = 16.4;
				LD_RUNPATH_SEARCH_PATHS = (
					"$(inherited)",
					"@executable_path/Frameworks",
				);
				MARKETING_VERSION = 1.0;
				PRODUCT_BUNDLE_IDENTIFIER = com.portablefrontier.FDAI;
				PRODUCT_NAME = "$(TARGET_NAME)";
				SWIFT_EMIT_LOC_STRINGS = YES;
				SWIFT_VERSION = 5.0;
				TARGETED_DEVICE_FAMILY = "1,2";
			};
			name = Release;
		};
/* End XCBuildConfiguration section */

/* Begin XCConfigurationList section */
		E6B53969296FD548005227E6 /* Build configuration list for PBXProject "FDAI" */ = {
			isa = XCConfigurationList;
			buildConfigurations = (
				E6B5397A296FD549005227E6 /* Debug */,
				E6B5397B296FD549005227E6 /* Release */,
			);
			defaultConfigurationIsVisible = 0;
			defaultConfigurationName = Release;
		};
		E6B5397C296FD549005227E6 /* Build configuration list for PBXNativeTarget "FDAI" */ = {
			isa = XCConfigurationList;
			buildConfigurations = (
				E6B5397D296FD549005227E6 /* Debug */,
				E6B5397E296FD549005227E6 /* Release */,
			);
			defaultConfigurationIsVisible = 0;
			defaultConfigurationName = Release;
		};
/* End XCConfigurationList section */
	};
	rootObject = E6B53966296FD548005227E6 /* Project object */;
}
